
Microsoft Visual Studio Solution File, Format Version 12.00
# Visual Studio Version 17
VisualStudioVersion = 17.6.33815.320
MinimumVisualStudioVersion = 10.0.40219.1
Project("{FAE04EC0-301F-11D3-BF4B-00C04F79EFBC}") = "Development", "Development.csproj", "{D1ED85D9-5222-41EB-A772-D8E71B736ADD}"
EndProject
Global
	GlobalSection(SolutionConfigurationPlatforms) = preSolution
		Debug|Any CPU = Debug|Any CPU
		Release|Any CPU = Release|Any CPU
	EndGlobalSection
	GlobalSection(ProjectConfigurationPlatforms) = postSolution
		{D1ED85D9-5222-41EB-A772-D8E71B736ADD}.Debug|Any CPU.ActiveCfg = Debug|Any CPU
		{D1ED85D9-5222-41EB-A772-D8E71B736ADD}.Debug|Any CPU.Build.0 = Debug|Any CPU
		{D1ED85D9-5222-41EB-A772-D8E71B736ADD}.Release|Any CPU.ActiveCfg = Release|Any CPU
		{D1ED85D9-5222-41EB-A772-D8E71B736ADD}.Release|Any CPU.Build.0 = Release|Any CPU
	EndGlobalSection
	GlobalSection(SolutionProperties) = preSolution
		HideSolutionNode = FALSE
	EndGlobalSection
	GlobalSection(ExtensibilityGlobals) = postSolution
		SolutionGuid = {F86C1E3E-DF91-4F57-9BC6-3377C2AADDBA}
	EndGlobalSection
EndGlobal
